
Microsoft Visual Studio Solution File, Format Version 12.00
# Visual Studio Version 17
VisualStudioVersion = 17.5.33414.496
MinimumVisualStudioVersion = 10.0.40219.1
Project("{9A19103F-16F7-4668-BE54-9A1E7A4F7556}") = "galgje", "Galgjev3\galgje.csproj", "{8C2BE361-DC30-4447-A0E4-2C48EB912ECA}"
EndProject
Global
	GlobalSection(SolutionConfigurationPlatforms) = preSolution
		Debug|Any CPU = Debug|Any CPU
		Release|Any CPU = Release|Any CPU
	EndGlobalSection
	GlobalSection(ProjectConfigurationPlatforms) = postSolution
		{8C2BE361-DC30-4447-A0E4-2C48EB912ECA}.Debug|Any CPU.ActiveCfg = Debug|Any CPU
		{8C2BE361-DC30-4447-A0E4-2C48EB912ECA}.Debug|Any CPU.Build.0 = Debug|Any CPU
		{8C2BE361-DC30-4447-A0E4-2C48EB912ECA}.Release|Any CPU.ActiveCfg = Release|Any CPU
		{8C2BE361-DC30-4447-A0E4-2C48EB912ECA}.Release|Any CPU.Build.0 = Release|Any CPU
	EndGlobalSection
	GlobalSection(SolutionProperties) = preSolution
		HideSolutionNode = FALSE
	EndGlobalSection
	GlobalSection(ExtensibilityGlobals) = postSolution
		SolutionGuid = {A43FD4CF-3CB8-4448-B1C2-FAC8758D572A}
	EndGlobalSection
EndGlobal
